// !$*UTF8*$!
{
	archiveVersion = 1;
	classes = {
	};
	objectVersion = 48;
	objects = {

/* Begin PBXBuildFile section */
		BFF5BF1220635CB100796E7F /* AppDelegate.swift in Sources */ = {isa = PBXBuildFile; fileRef = BFF5BF1120635CB100796E7F /* AppDelegate.swift */; };
		BFF5BF1420635CB100796E7F /* ViewController.swift in Sources */ = {isa = PBXBuildFile; fileRef = BFF5BF1320635CB100796E7F /* ViewController.swift */; };
		BFF5BF1720635CB100796E7F /* Main.storyboard in Resources */ = {isa = PBXBuildFile; fileRef = BFF5BF1520635CB100796E7F /* Main.storyboard */; };
		BFF5BF1920635CB100796E7F /* Assets.xcassets in Resources */ = {isa = PBXBuildFile; fileRef = BFF5BF1820635CB100796E7F /* Assets.xcassets */; };
		BFF5BF1C20635CB100796E7F /* LaunchScreen.storyboard in Resources */ = {isa = PBXBuildFile; fileRef = BFF5BF1A20635CB100796E7F /* LaunchScreen.storyboard */; };
		BFF5BF2720635CB100796E7F /* demoTests.swift in Sources */ = {isa = PBXBuildFile; fileRef = BFF5BF2620635CB100796E7F /* demoTests.swift */; };
		BFF5BF3220635CB100796E7F /* demoUITests.swift in Sources */ = {isa = PBXBuildFile; fileRef = BFF5BF3120635CB100796E7F /* demoUITests.swift */; };
		BFF5BF40206382C200796E7F /* local.html in Resources */ = {isa = PBXBuildFile; fileRef = BFF5BF3F206382C200796E7F /* local.html */; };
/* End PBXBuildFile section */

/* Begin PBXContainerItemProxy section */
		BFF5BF2320635CB100796E7F /* PBXContainerItemProxy */ = {
			isa = PBXContainerItemProxy;
			containerPortal = BFF5BF0620635CB100796E7F /* Project object */;
			proxyType = 1;
			remoteGlobalIDString = BFF5BF0D20635CB100796E7F;
			remoteInfo = demo;
		};
		BFF5BF2E20635CB100796E7F /* PBXContainerItemProxy */ = {
			isa = PBXContainerItemProxy;
			containerPortal = BFF5BF0620635CB100796E7F /* Project object */;
			proxyType = 1;
			remoteGlobalIDString = BFF5BF0D20635CB100796E7F;
			remoteInfo = demo;
		};
/* End PBXContainerItemProxy section */

/* Begin PBXFileReference section */
		BFF5BF0E20635CB100796E7F /* demo.app */ = {isa = PBXFileReference; explicitFileType = wrapper.application; includeInIndex = 0; path = demo.app; sourceTree = BUILT_PRODUCTS_DIR; };
		BFF5BF1120635CB100796E7F /* AppDelegate.swift */ = {isa = PBXFileReference; lastKnownFileType = sourcecode.swift; path = AppDelegate.swift; sourceTree = "<group>"; };
		BFF5BF1320635CB100796E7F /* ViewController.swift */ = {isa = PBXFileReference; lastKnownFileType = sourcecode.swift; path = ViewController.swift; sourceTree = "<group>"; };
		BFF5BF1620635CB100796E7F /* Base */ = {isa = PBXFileReference; lastKnownFileType = file.storyboard; name = Base; path = Base.lproj/Main.storyboard; sourceTree = "<group>"; };
		BFF5BF1820635CB100796E7F /* Assets.xcassets */ = {isa = PBXFileReference; lastKnownFileType = folder.assetcatalog; path = Assets.xcassets; sourceTree = "<group>"; };
		BFF5BF1B20635CB100796E7F /* Base */ = {isa = PBXFileReference; lastKnownFileType = file.storyboard; name = Base; path = Base.lproj/LaunchScreen.storyboard; sourceTree = "<group>"; };
		BFF5BF1D20635CB100796E7F /* Info.plist */ = {isa = PBXFileReference; lastKnownFileType = text.plist.xml; path = Info.plist; sourceTree = "<group>"; };
		BFF5BF2220635CB100796E7F /* demoTests.xctest */ = {isa = PBXFileReference; explicitFileType = wrapper.cfbundle; includeInIndex = 0; path = demoTests.xctest; sourceTree = BUILT_PRODUCTS_DIR; };
		BFF5BF2620635CB100796E7F /* demoTests.swift */ = {isa = PBXFileReference; lastKnownFileType = sourcecode.swift; path = demoTests.swift; sourceTree = "<group>"; };
		BFF5BF2820635CB100796E7F /* Info.plist */ = {isa = PBXFileReference; lastKnownFileType = text.plist.xml; path = Info.plist; sourceTree = "<group>"; };
		BFF5BF2D20635CB100796E7F /* demoUITests.xctest */ = {isa = PBXFileReference; explicitFileType = wrapper.cfbundle; includeInIndex = 0; path = demoUITests.xctest; sourceTree = BUILT_PRODUCTS_DIR; };
		BFF5BF3120635CB100796E7F /* demoUITests.swift */ = {isa = PBXFileReference; lastKnownFileType = sourcecode.swift; path = demoUITests.swift; sourceTree = "<group>"; };
		BFF5BF3320635CB100796E7F /* Info.plist */ = {isa = PBXFileReference; lastKnownFileType = text.plist.xml; path = Info.plist; sourceTree = "<group>"; };
		BFF5BF3F206382C200796E7F /* local.html */ = {isa = PBXFileReference; fileEncoding = 4; lastKnownFileType = text.html; path = local.html; sourceTree = "<group>"; };
/* End PBXFileReference section */

/* Begin PBXFrameworksBuildPhase section */
		BFF5BF0B20635CB100796E7F /* Frameworks */ = {
			isa = PBXFrameworksBuildPhase;
			buildActionMask = 2147483647;
			files = (
			);
			runOnlyForDeploymentPostprocessing = 0;
		};
		BFF5BF1F20635CB100796E7F /* Frameworks */ = {
			isa = PBXFrameworksBuildPhase;
			buildActionMask = 2147483647;
			files = (
			);
			runOnlyForDeploymentPostprocessing = 0;
		};
		BFF5BF2A20635CB100796E7F /* Frameworks */ = {
			isa = PBXFrameworksBuildPhase;
			buildActionMask = 2147483647;
			files = (
			);
			runOnlyForDeploymentPostprocessing = 0;
		};
/* End PBXFrameworksBuildPhase section */

/* Begin PBXGroup section */
		BFF5BF0520635CB100796E7F = {
			isa = PBXGroup;
			children = (
				BFF5BF1020635CB100796E7F /* demo */,
				BFF5BF2520635CB100796E7F /* demoTests */,
				BFF5BF3020635CB100796E7F /* demoUITests */,
				BFF5BF0F20635CB100796E7F /* Products */,
			);
			sourceTree = "<group>";
		};
		BFF5BF0F20635CB100796E7F /* Products */ = {
			isa = PBXGroup;
			children = (
				BFF5BF0E20635CB100796E7F /* demo.app */,
				BFF5BF2220635CB100796E7F /* demoTests.xctest */,
				BFF5BF2D20635CB100796E7F /* demoUITests.xctest */,
			);
			name = Products;
			sourceTree = "<group>";
		};
		BFF5BF1020635CB100796E7F /* demo */ = {
			isa = PBXGroup;
			children = (
				BFF5BF3F206382C200796E7F /* local.html */,
				BFF5BF1120635CB100796E7F /* AppDelegate.swift */,
				BFF5BF1320635CB100796E7F /* ViewController.swift */,
				BFF5BF1520635CB100796E7F /* Main.storyboard */,
				BFF5BF1820635CB100796E7F /* Assets.xcassets */,
				BFF5BF1A20635CB100796E7F /* LaunchScreen.storyboard */,
				BFF5BF1D20635CB100796E7F /* Info.plist */,
			);
			path = demo;
			sourceTree = "<group>";
		};
		BFF5BF2520635CB100796E7F /* demoTests */ = {
			isa = PBXGroup;
			children = (
				BFF5BF2620635CB100796E7F /* demoTests.swift */,
				BFF5BF2820635CB100796E7F /* Info.plist */,
			);
			path = demoTests;
			sourceTree = "<group>";
		};
		BFF5BF3020635CB100796E7F /* demoUITests */ = {
			isa = PBXGroup;
			children = (
				BFF5BF3120635CB100796E7F /* demoUITests.swift */,
				BFF5BF3320635CB100796E7F /* Info.plist */,
			);
			path = demoUITests;
			sourceTree = "<group>";
		};
/* End PBXGroup section */

/* Begin PBXNativeTarget section */
		BFF5BF0D20635CB100796E7F /* demo */ = {
			isa = PBXNativeTarget;
			buildConfigurationList = BFF5BF3620635CB100796E7F /* Build configuration list for PBXNativeTarget "demo" */;
			buildPhases = (
				BFF5BF0A20635CB100796E7F /* Sources */,
				BFF5BF0B20635CB100796E7F /* Frameworks */,
				BFF5BF0C20635CB100796E7F /* Resources */,
			);
			buildRules = (
			);
			dependencies = (
			);
			name = demo;
			productName = demo;
			productReference = BFF5BF0E20635CB100796E7F /* demo.app */;
			productType = "com.apple.product-type.application";
		};
		BFF5BF2120635CB100796E7F /* demoTests */ = {
			isa = PBXNativeTarget;
			buildConfigurationList = BFF5BF3920635CB100796E7F /* Build configuration list for PBXNativeTarget "demoTests" */;
			buildPhases = (
				BFF5BF1E20635CB100796E7F /* Sources */,
				BFF5BF1F20635CB100796E7F /* Frameworks */,
				BFF5BF2020635CB100796E7F /* Resources */,
			);
			buildRules = (
			);
			dependencies = (
				BFF5BF2420635CB100796E7F /* PBXTargetDependency */,
			);
			name = demoTests;
			productName = demoTests;
			productReference = BFF5BF2220635CB100796E7F /* demoTests.xctest */;
			productType = "com.apple.product-type.bundle.unit-test";
		};
		BFF5BF2C20635CB100796E7F /* demoUITests */ = {
			isa = PBXNativeTarget;
			buildConfigurationList = BFF5BF3C20635CB100796E7F /* Build configuration list for PBXNativeTarget "demoUITests" */;
			buildPhases = (
				BFF5BF2920635CB100796E7F /* Sources */,
				BFF5BF2A20635CB100796E7F /* Frameworks */,
				BFF5BF2B20635CB100796E7F /* Resources */,
			);
			buildRules = (
			);
			dependencies = (
				BFF5BF2F20635CB100796E7F /* PBXTargetDependency */,
			);
			name = demoUITests;
			productName = demoUITests;
			productReference = BFF5BF2D20635CB100796E7F /* demoUITests.xctest */;
			productType = "com.apple.product-type.bundle.ui-testing";
		};
/* End PBXNativeTarget section */

/* Begin PBXProject section */
		BFF5BF0620635CB100796E7F /* Project object */ = {
			isa = PBXProject;
			attributes = {
				LastSwiftUpdateCheck = 0920;
				LastUpgradeCheck = 0920;
				ORGANIZATIONNAME = Vincent;
				TargetAttributes = {
					BFF5BF0D20635CB100796E7F = {
						CreatedOnToolsVersion = 9.2;
						ProvisioningStyle = Automatic;
					};
					BFF5BF2120635CB100796E7F = {
						CreatedOnToolsVersion = 9.2;
						ProvisioningStyle = Automatic;
						TestTargetID = BFF5BF0D20635CB100796E7F;
					};
					BFF5BF2C20635CB100796E7F = {
						CreatedOnToolsVersion = 9.2;
						ProvisioningStyle = Automatic;
						TestTargetID = BFF5BF0D20635CB100796E7F;
					};
				};
			};
			buildConfigurationList = BFF5BF0920635CB100796E7F /* Build configuration list for PBXProject "demo" */;
			compatibilityVersion = "Xcode 8.0";
			developmentRegion = en;
			hasScannedForEncodings = 0;
			knownRegions = (
				en,
				Base,
			);
			mainGroup = BFF5BF0520635CB100796E7F;
			productRefGroup = BFF5BF0F20635CB100796E7F /* Products */;
			projectDirPath = "";
			projectRoot = "";
			targets = (
				BFF5BF0D20635CB100796E7F /* demo */,
				BFF5BF2120635CB100796E7F /* demoTests */,
				BFF5BF2C20635CB100796E7F /* demoUITests */,
			);
		};
/* End PBXProject section */

/* Begin PBXResourcesBuildPhase section */
		BFF5BF0C20635CB100796E7F /* Resources */ = {
			isa = PBXResourcesBuildPhase;
			buildActionMask = 2147483647;
			files = (
				BFF5BF40206382C200796E7F /* local.html in Resources */,
				BFF5BF1C20635CB100796E7F /* LaunchScreen.storyboard in Resources */,
				BFF5BF1920635CB100796E7F /* Assets.xcassets in Resources */,
				BFF5BF1720635CB100796E7F /* Main.storyboard in Resources */,
			);
			runOnlyForDeploymentPostprocessing = 0;
		};
		BFF5BF2020635CB100796E7F /* Resources */ = {
			isa = PBXResourcesBuildPhase;
			buildActionMask = 2147483647;
			files = (
			);
			runOnlyForDeploymentPostprocessing = 0;
		};
		BFF5BF2B20635CB100796E7F /* Resources */ = {
			isa = PBXResourcesBuildPhase;
			buildActionMask = 2147483647;
			files = (
			);
			runOnlyForDeploymentPostprocessing = 0;
		};
/* End PBXResourcesBuildPhase section */

/* Begin PBXSourcesBuildPhase section */
		BFF5BF0A20635CB100796E7F /* Sources */ = {
			isa = PBXSourcesBuildPhase;
			buildActionMask = 2147483647;
			files = (
				BFF5BF1420635CB100796E7F /* ViewController.swift in Sources */,
				BFF5BF1220635CB100796E7F /* AppDelegate.swift in Sources */,
			);
			runOnlyForDeploymentPostprocessing = 0;
		};
		BFF5BF1E20635CB100796E7F /* Sources */ = {
			isa = PBXSourcesBuildPhase;
			buildActionMask = 2147483647;
			files = (
				BFF5BF2720635CB100796E7F /* demoTests.swift in Sources */,
			);
			runOnlyForDeploymentPostprocessing = 0;
		};
		BFF5BF2920635CB100796E7F /* Sources */ = {
			isa = PBXSourcesBuildPhase;
			buildActionMask = 2147483647;
			files = (
				BFF5BF3220635CB100796E7F /* demoUITests.swift in Sources */,
			);
			runOnlyForDeploymentPostprocessing = 0;
		};
/* End PBXSourcesBuildPhase section */

/* Begin PBXTargetDependency section */
		BFF5BF2420635CB100796E7F /* PBXTargetDependency */ = {
			isa = PBXTargetDependency;
			target = BFF5BF0D20635CB100796E7F /* demo */;
			targetProxy = BFF5BF2320635CB100796E7F /* PBXContainerItemProxy */;
		};
		BFF5BF2F20635CB100796E7F /* PBXTargetDependency */ = {
			isa = PBXTargetDependency;
			target = BFF5BF0D20635CB100796E7F /* demo */;
			targetProxy = BFF5BF2E20635CB100796E7F /* PBXContainerItemProxy */;
		};
/* End PBXTargetDependency section */

/* Begin PBXVariantGroup section */
		BFF5BF1520635CB100796E7F /* Main.storyboard */ = {
			isa = PBXVariantGroup;
			children = (
				BFF5BF1620635CB100796E7F /* Base */,
			);
			name = Main.storyboard;
			sourceTree = "<group>";
		};
		BFF5BF1A20635CB100796E7F /* LaunchScreen.storyboard */ = {
			isa = PBXVariantGroup;
			children = (
				BFF5BF1B20635CB100796E7F /* Base */,
			);
			name = LaunchScreen.storyboard;
			sourceTree = "<group>";
		};
/* End PBXVariantGroup section */

/* Begin XCBuildConfiguration section */
		BFF5BF3420635CB100796E7F /* Debug */ = {
			isa = XCBuildConfiguration;
			buildSettings = {
				ALWAYS_SEARCH_USER_PATHS = NO;
				CLANG_ANALYZER_NONNULL = YES;
				CLANG_ANALYZER_NUMBER_OBJECT_CONVERSION = YES_AGGRESSIVE;
				CLANG_CXX_LANGUAGE_STANDARD = "gnu++14";
				CLANG_CXX_LIBRARY = "libc++";
				CLANG_ENABLE_MODULES = YES;
				CLANG_ENABLE_OBJC_ARC = YES;
				CLANG_WARN_BLOCK_CAPTURE_AUTORELEASING = YES;
				CLANG_WARN_BOOL_CONVERSION = YES;
				CLANG_WARN_COMMA = YES;
				CLANG_WARN_CONSTANT_CONVERSION = YES;
				CLANG_WARN_DIRECT_OBJC_ISA_USAGE = YES_ERROR;
				CLANG_WARN_DOCUMENTATION_COMMENTS = YES;
				CLANG_WARN_EMPTY_BODY = YES;
				CLANG_WARN_ENUM_CONVERSION = YES;
				CLANG_WARN_INFINITE_RECURSION = YES;
				CLANG_WARN_INT_CONVERSION = YES;
				CLANG_WARN_NON_LITERAL_NULL_CONVERSION = YES;
				CLANG_WARN_OBJC_LITERAL_CONVERSION = YES;
				CLANG_WARN_OBJC_ROOT_CLASS = YES_ERROR;
				CLANG_WARN_RANGE_LOOP_ANALYSIS = YES;
				CLANG_WARN_STRICT_PROTOTYPES = YES;
				CLANG_WARN_SUSPICIOUS_MOVE = YES;
				CLANG_WARN_UNGUARDED_AVAILABILITY = YES_AGGRESSIVE;
				CLANG_WARN_UNREACHABLE_CODE = YES;
				CLANG_WARN__DUPLICATE_METHOD_MATCH = YES;
				CODE_SIGN_IDENTITY = "iPhone Developer";
				COPY_PHASE_STRIP = NO;
				DEBUG_INFORMATION_FORMAT = dwarf;
				ENABLE_STRICT_OBJC_MSGSEND = YES;
				ENABLE_TESTABILITY = YES;
				GCC_C_LANGUAGE_STANDARD = gnu11;
				GCC_DYNAMIC_NO_PIC = NO;
				GCC_NO_COMMON_BLOCKS = YES;
				GCC_OPTIMIZATION_LEVEL = 0;
				GCC_PREPROCESSOR_DEFINITIONS = (
					"DEBUG=1",
					"$(inherited)",
				);
				GCC_WARN_64_TO_32_BIT_CONVERSION = YES;
				GCC_WARN_ABOUT_RETURN_TYPE = YES_ERROR;
				GCC_WARN_UNDECLARED_SELECTOR = YES;
				GCC_WARN_UNINITIALIZED_AUTOS = YES_AGGRESSIVE;
				GCC_WARN_UNUSED_FUNCTION = YES;
				GCC_WARN_UNUSED_VARIABLE = YES;
				IPHONEOS_DEPLOYMENT_TARGET = 11.2;
				MTL_ENABLE_DEBUG_INFO = YES;
				ONLY_ACTIVE_ARCH = YES;
				SDKROOT = iphoneos;
				SWIFT_ACTIVE_COMPILATION_CONDITIONS = DEBUG;
				SWIFT_OPTIMIZATION_LEVEL = "-Onone";
			};
			name = Debug;
		};
		BFF5BF3520635CB100796E7F /* Release */ = {
			isa = XCBuildConfiguration;
			buildSettings = {
				ALWAYS_SEARCH_USER_PATHS = NO;
				CLANG_ANALYZER_NONNULL = YES;
				CLANG_ANALYZER_NUMBER_OBJECT_CONVERSION = YES_AGGRESSIVE;
				CLANG_CXX_LANGUAGE_STANDARD = "gnu++14";
				CLANG_CXX_LIBRARY = "libc++";
				CLANG_ENABLE_MODULES = YES;
				CLANG_ENABLE_OBJC_ARC = YES;
				CLANG_WARN_BLOCK_CAPTURE_AUTORELEASING = YES;
				CLANG_WARN_BOOL_CONVERSION = YES;
				CLANG_WARN_COMMA = YES;
				CLANG_WARN_CONSTANT_CONVERSION = YES;
				CLANG_WARN_DIRECT_OBJC_ISA_USAGE = YES_ERROR;
				CLANG_WARN_DOCUMENTATION_COMMENTS = YES;
				CLANG_WARN_EMPTY_BODY = YES;
				CLANG_WARN_ENUM_CONVERSION = YES;
				CLANG_WARN_INFINITE_RECURSION = YES;
				CLANG_WARN_INT_CONVERSION = YES;
				CLANG_WARN_NON_LITERAL_NULL_CONVERSION = YES;
				CLANG_WARN_OBJC_LITERAL_CONVERSION = YES;
				CLANG_WARN_OBJC_ROOT_CLASS = YES_ERROR;
				CLANG_WARN_RANGE_LOOP_ANALYSIS = YES;
				CLANG_WARN_STRICT_PROTOTYPES = YES;
				CLANG_WARN_SUSPICIOUS_MOVE = YES;
				CLANG_WARN_UNGUARDED_AVAILABILITY = YES_AGGRESSIVE;
				CLANG_WARN_UNREACHABLE_CODE = YES;
				CLANG_WARN__DUPLICATE_METHOD_MATCH = YES;
				CODE_SIGN_IDENTITY = "iPhone Developer";
				COPY_PHASE_STRIP = NO;
				DEBUG_INFORMATION_FORMAT = "dwarf-with-dsym";
				ENABLE_NS_ASSERTIONS = NO;
				ENABLE_STRICT_OBJC_MSGSEND = YES;
				GCC_C_LANGUAGE_STANDARD = gnu11;
				GCC_NO_COMMON_BLOCKS = YES;
				GCC_WARN_64_TO_32_BIT_CONVERSION = YES;
				GCC_WARN_ABOUT_RETURN_TYPE = YES_ERROR;
				GCC_WARN_UNDECLARED_SELECTOR = YES;
				GCC_WARN_UNINITIALIZED_AUTOS = YES_AGGRESSIVE;
				GCC_WARN_UNUSED_FUNCTION = YES;
				GCC_WARN_UNUSED_VARIABLE = YES;
				IPHONEOS_DEPLOYMENT_TARGET = 11.2;
				MTL_ENABLE_DEBUG_INFO = NO;
				SDKROOT = iphoneos;
				SWIFT_OPTIMIZATION_LEVEL = "-Owholemodule";
				VALIDATE_PRODUCT = YES;
			};
			name = Release;
		};
		BFF5BF3720635CB100796E7F /* Debug */ = {
			isa = XCBuildConfiguration;
			buildSettings = {
				ASSETCATALOG_COMPILER_APPICON_NAME = AppIcon;
				CODE_SIGN_STYLE = Automatic;
				DEVELOPMENT_TEAM = LFDAS87W6Z;
				INFOPLIST_FILE = demo/Info.plist;
				LD_RUNPATH_SEARCH_PATHS = "$(inherited) @executable_path/Frameworks";
				PRODUCT_BUNDLE_IDENTIFIER = com.huishoubao.demo;
				PRODUCT_NAME = "$(TARGET_NAME)";
				SWIFT_VERSION = 4.0;
				TARGETED_DEVICE_FAMILY = "1,2";
			};
			name = Debug;
		};
		BFF5BF3820635CB100796E7F /* Release */ = {
			isa = XCBuildConfiguration;
			buildSettings = {
				ASSETCATALOG_COMPILER_APPICON_NAME = AppIcon;
				CODE_SIGN_STYLE = Automatic;
				DEVELOPMENT_TEAM = LFDAS87W6Z;
				INFOPLIST_FILE = demo/Info.plist;
				LD_RUNPATH_SEARCH_PATHS = "$(inherited) @executable_path/Frameworks";
				PRODUCT_BUNDLE_IDENTIFIER = com.huishoubao.demo;
				PRODUCT_NAME = "$(TARGET_NAME)";
				SWIFT_VERSION = 4.0;
				TARGETED_DEVICE_FAMILY = "1,2";
			};
			name = Release;
		};
		BFF5BF3A20635CB100796E7F /* Debug */ = {
			isa = XCBuildConfiguration;
			buildSettings = {
				ALWAYS_EMBED_SWIFT_STANDARD_LIBRARIES = YES;
				BUNDLE_LOADER = "$(TEST_HOST)";
				CODE_SIGN_STYLE = Automatic;
				DEVELOPMENT_TEAM = LFDAS87W6Z;
				INFOPLIST_FILE = demoTests/Info.plist;
				LD_RUNPATH_SEARCH_PATHS = "$(inherited) @executable_path/Frameworks @loader_path/Frameworks";
				PRODUCT_BUNDLE_IDENTIFIER = com.huishoubao.demoTests;
				PRODUCT_NAME = "$(TARGET_NAME)";
				SWIFT_VERSION = 4.0;
				TARGETED_DEVICE_FAMILY = "1,2";
				TEST_HOST = "$(BUILT_PRODUCTS_DIR)/demo.app/demo";
			};
			name = Debug;
		};
		BFF5BF3B20635CB100796E7F /* Release */ = {
			isa = XCBuildConfiguration;
			buildSettings = {
				ALWAYS_EMBED_SWIFT_STANDARD_LIBRARIES = YES;
				BUNDLE_LOADER = "$(TEST_HOST)";
				CODE_SIGN_STYLE = Automatic;
				DEVELOPMENT_TEAM = LFDAS87W6Z;
				INFOPLIST_FILE = demoTests/Info.plist;
				LD_RUNPATH_SEARCH_PATHS = "$(inherited) @executable_path/Frameworks @loader_path/Frameworks";
				PRODUCT_BUNDLE_IDENTIFIER = com.huishoubao.demoTests;
				PRODUCT_NAME = "$(TARGET_NAME)";
				SWIFT_VERSION = 4.0;
				TARGETED_DEVICE_FAMILY = "1,2";
				TEST_HOST = "$(BUILT_PRODUCTS_DIR)/demo.app/demo";
			};
			name = Release;
		};
		BFF5BF3D20635CB100796E7F /* Debug */ = {
			isa = XCBuildConfiguration;
			buildSettings = {
				ALWAYS_EMBED_SWIFT_STANDARD_LIBRARIES = YES;
				CODE_SIGN_STYLE = Automatic;
				DEVELOPMENT_TEAM = LFDAS87W6Z;
				INFOPLIST_FILE = demoUITests/Info.plist;
				LD_RUNPATH_SEARCH_PATHS = "$(inherited) @executable_path/Frameworks @loader_path/Frameworks";
				PRODUCT_BUNDLE_IDENTIFIER = com.huishoubao.demoUITests;
				PRODUCT_NAME = "$(TARGET_NAME)";
				SWIFT_VERSION = 4.0;
				TARGETED_DEVICE_FAMILY = "1,2";
				TEST_TARGET_NAME = demo;
			};
			name = Debug;
		};
		BFF5BF3E20635CB100796E7F /* Release */ = {
			isa = XCBuildConfiguration;
			buildSettings = {
				ALWAYS_EMBED_SWIFT_STANDARD_LIBRARIES = YES;
				CODE_SIGN_STYLE = Automatic;
				DEVELOPMENT_TEAM = LFDAS87W6Z;
				INFOPLIST_FILE = demoUITests/Info.plist;
				LD_RUNPATH_SEARCH_PATHS = "$(inherited) @executable_path/Frameworks @loader_path/Frameworks";
				PRODUCT_BUNDLE_IDENTIFIER = com.huishoubao.demoUITests;
				PRODUCT_NAME = "$(TARGET_NAME)";
				SWIFT_VERSION = 4.0;
				TARGETED_DEVICE_FAMILY = "1,2";
				TEST_TARGET_NAME = demo;
			};
			name = Release;
		};
/* End XCBuildConfiguration section */

/* Begin XCConfigurationList section */
		BFF5BF0920635CB100796E7F /* Build configuration list for PBXProject "demo" */ = {
			isa = XCConfigurationList;
			buildConfigurations = (
				BFF5BF3420635CB100796E7F /* Debug */,
				BFF5BF3520635CB100796E7F /* Release */,
			);
			defaultConfigurationIsVisible = 0;
			defaultConfigurationName = Release;
		};
		BFF5BF3620635CB100796E7F /* Build configuration list for PBXNativeTarget "demo" */ = {
			isa = XCConfigurationList;
			buildConfigurations = (
				BFF5BF3720635CB100796E7F /* Debug */,
				BFF5BF3820635CB100796E7F /* Release */,
			);
			defaultConfigurationIsVisible = 0;
			defaultConfigurationName = Release;
		};
		BFF5BF3920635CB100796E7F /* Build configuration list for PBXNativeTarget "demoTests" */ = {
			isa = XCConfigurationList;
			buildConfigurations = (
				BFF5BF3A20635CB100796E7F /* Debug */,
				BFF5BF3B20635CB100796E7F /* Release */,
			);
			defaultConfigurationIsVisible = 0;
			defaultConfigurationName = Release;
		};
		BFF5BF3C20635CB100796E7F /* Build configuration list for PBXNativeTarget "demoUITests" */ = {
			isa = XCConfigurationList;
			buildConfigurations = (
				BFF5BF3D20635CB100796E7F /* Debug */,
				BFF5BF3E20635CB100796E7F /* Release */,
			);
			defaultConfigurationIsVisible = 0;
			defaultConfigurationName = Release;
		};
/* End XCConfigurationList section */
	};
	rootObject = BFF5BF0620635CB100796E7F /* Project object */;
}
